
Microsoft Visual Studio Solution File, Format Version 12.00
# Visual Studio Version 16
VisualStudioVersion = 16.0.29709.97
MinimumVisualStudioVersion = 10.0.40219.1
Project("{FAE04EC0-301F-11D3-BF4B-00C04F79EFBC}") = "HelloWorld", "HelloWorld.csproj", "{4F2731C0-F68B-4D64-B5A4-92B0F56B83CC}"
EndProject
Global
	GlobalSection(SolutionConfigurationPlatforms) = preSolution
		Debug|Any CPU = Debug|Any CPU
		Release|Any CPU = Release|Any CPU
	EndGlobalSection
	GlobalSection(ProjectConfigurationPlatforms) = postSolution
		{4F2731C0-F68B-4D64-B5A4-92B0F56B83CC}.Debug|Any CPU.ActiveCfg = Debug|Any CPU
		{4F2731C0-F68B-4D64-B5A4-92B0F56B83CC}.Debug|Any CPU.Build.0 = Debug|Any CPU
		{4F2731C0-F68B-4D64-B5A4-92B0F56B83CC}.Release|Any CPU.ActiveCfg = Release|Any CPU
		{4F2731C0-F68B-4D64-B5A4-92B0F56B83CC}.Release|Any CPU.Build.0 = Release|Any CPU
	EndGlobalSection
	GlobalSection(SolutionProperties) = preSolution
		HideSolutionNode = FALSE
	EndGlobalSection
	GlobalSection(ExtensibilityGlobals) = postSolution
		SolutionGuid = {7FB53EBB-7308-4A5C-9230-12DAD832A7B2}
	EndGlobalSection
EndGlobal
